
Microsoft Visual Studio Solution File, Format Version 12.00
# Visual Studio Version 16
VisualStudioVersion = 16.0.809.5
MinimumVisualStudioVersion = 10.0.40219.1
Project("{FAE04EC0-301F-11D3-BF4B-00C04F79EFBC}") = "myapi", "myapi\myapi.csproj", "{579044D3-D261-4106-83F6-6BD50077EF70}"
EndProject
Project("{FAE04EC0-301F-11D3-BF4B-00C04F79EFBC}") = "myconsoleapp", "..\myconsoleapp\myconsoleapp\myconsoleapp.csproj", "{772E63CC-0E60-4037-8D3A-6BD869692895}"
EndProject
Global
	GlobalSection(SolutionConfigurationPlatforms) = preSolution
		Debug|Any CPU = Debug|Any CPU
		Release|Any CPU = Release|Any CPU
	EndGlobalSection
	GlobalSection(ProjectConfigurationPlatforms) = postSolution
		{579044D3-D261-4106-83F6-6BD50077EF70}.Debug|Any CPU.ActiveCfg = Debug|Any CPU
		{579044D3-D261-4106-83F6-6BD50077EF70}.Debug|Any CPU.Build.0 = Debug|Any CPU
		{579044D3-D261-4106-83F6-6BD50077EF70}.Release|Any CPU.ActiveCfg = Release|Any CPU
		{579044D3-D261-4106-83F6-6BD50077EF70}.Release|Any CPU.Build.0 = Release|Any CPU
		{772E63CC-0E60-4037-8D3A-6BD869692895}.Debug|Any CPU.ActiveCfg = Debug|Any CPU
		{772E63CC-0E60-4037-8D3A-6BD869692895}.Debug|Any CPU.Build.0 = Debug|Any CPU
		{772E63CC-0E60-4037-8D3A-6BD869692895}.Release|Any CPU.ActiveCfg = Release|Any CPU
		{772E63CC-0E60-4037-8D3A-6BD869692895}.Release|Any CPU.Build.0 = Release|Any CPU
	EndGlobalSection
	GlobalSection(SolutionProperties) = preSolution
		HideSolutionNode = FALSE
	EndGlobalSection
	GlobalSection(ExtensibilityGlobals) = postSolution
		SolutionGuid = {CEA0CE4D-BF05-4508-BF3E-F0914173F9D8}
	EndGlobalSection
EndGlobal
